{
  "requires": true,
  "lockfileVersion": 1,
  "dependencies": {
    "paper": {
      "version": "0.12.8",
      "resolved": "https://registry.npmjs.org/paper/-/paper-0.12.8.tgz",
      "integrity": "sha512-aFzTOs4UgLPVJaCHkWp4KD9H3e5ibM61h+wNEjN4ZJu+JMLoivm1GKU2PdqL4DL/Ye490cQOIuUmeSz8dVdN6Q=="
    },
    "vue": {
      "version": "2.6.11",
      "resolved": "https://registry.npmjs.org/vue/-/vue-2.6.11.tgz",
      "integrity": "sha512-VfPwgcGABbGAue9+sfrD4PuwFar7gPb1yl1UK1MwXoQPAw0BKSqWfoYCT/ThFrdEVWoI51dBuyCoiNU9bZDZxQ=="
    }
  }
}
